
Microsoft Visual Studio Solution File, Format Version 12.00
# Visual Studio 2012
Project("{FAE04EC0-301F-11D3-BF4B-00C04F79EFBC}") = "ChangeLightColorMousePointer", "ChangeLightColorMousePointer\ChangeLightColorMousePointer.csproj", "{293A1A7D-3D71-46A9-B6C0-0C082112AB5C}"
EndProject
Global
	GlobalSection(SolutionConfigurationPlatforms) = preSolution
		Debug|Any CPU = Debug|Any CPU
		Release|Any CPU = Release|Any CPU
	EndGlobalSection
	GlobalSection(ProjectConfigurationPlatforms) = postSolution
		{293A1A7D-3D71-46A9-B6C0-0C082112AB5C}.Debug|Any CPU.ActiveCfg = Debug|Any CPU
		{293A1A7D-3D71-46A9-B6C0-0C082112AB5C}.Debug|Any CPU.Build.0 = Debug|Any CPU
		{293A1A7D-3D71-46A9-B6C0-0C082112AB5C}.Release|Any CPU.ActiveCfg = Release|Any CPU
		{293A1A7D-3D71-46A9-B6C0-0C082112AB5C}.Release|Any CPU.Build.0 = Release|Any CPU
	EndGlobalSection
	GlobalSection(SolutionProperties) = preSolution
		HideSolutionNode = FALSE
	EndGlobalSection
EndGlobal
